Microsoft Visual Studio Solution File, Format Version 12.00
# Visual Studio 15
VisualStudioVersion = 15.0.26124.0
MinimumVisualStudioVersion = 15.0.26124.0
Project("{9A19103F-16F7-4668-BE54-9A1E7A4F7556}") = "TraceEventLogger", "TraceEventLogger\TraceEventLogger.csproj", "{EDCE07F6-6922-45D9-BCB7-67BC94B9F933}"
EndProject
Global
	GlobalSection(SolutionConfigurationPlatforms) = preSolution
		Debug|Any CPU = Debug|Any CPU
		Release|Any CPU = Release|Any CPU
	EndGlobalSection
	GlobalSection(ProjectConfigurationPlatforms) = postSolution
		{EDCE07F6-6922-45D9-BCB7-67BC94B9F933}.Debug|Any CPU.ActiveCfg = Debug|Any CPU
		{EDCE07F6-6922-45D9-BCB7-67BC94B9F933}.Debug|Any CPU.Build.0 = Debug|Any CPU
		{EDCE07F6-6922-45D9-BCB7-67BC94B9F933}.Release|Any CPU.ActiveCfg = Release|Any CPU
		{EDCE07F6-6922-45D9-BCB7-67BC94B9F933}.Release|Any CPU.Build.0 = Release|Any CPU
	EndGlobalSection
	GlobalSection(SolutionProperties) = preSolution
		HideSolutionNode = FALSE
	EndGlobalSection
	GlobalSection(ExtensibilityGlobals) = postSolution
		SolutionGuid = {1354A83F-28F8-4B9A-81B3-F8D2030E465D}
	EndGlobalSection
EndGlobal
